
Microsoft Visual Studio Solution File, Format Version 12.00
# Visual Studio Version 17
VisualStudioVersion = 17.7.34024.191
MinimumVisualStudioVersion = 10.0.40219.1
Project("{FAE04EC0-301F-11D3-BF4B-00C04F79EFBC}") = "MatriculaApi", "MatriculaApi.csproj", "{74B87C0F-15CF-4A68-B8DE-9908063E2344}"
EndProject
Global
	GlobalSection(SolutionConfigurationPlatforms) = preSolution
		Debug|Any CPU = Debug|Any CPU
		Release|Any CPU = Release|Any CPU
	EndGlobalSection
	GlobalSection(ProjectConfigurationPlatforms) = postSolution
		{74B87C0F-15CF-4A68-B8DE-9908063E2344}.Debug|Any CPU.ActiveCfg = Debug|Any CPU
		{74B87C0F-15CF-4A68-B8DE-9908063E2344}.Debug|Any CPU.Build.0 = Debug|Any CPU
		{74B87C0F-15CF-4A68-B8DE-9908063E2344}.Release|Any CPU.ActiveCfg = Release|Any CPU
		{74B87C0F-15CF-4A68-B8DE-9908063E2344}.Release|Any CPU.Build.0 = Release|Any CPU
	EndGlobalSection
	GlobalSection(SolutionProperties) = preSolution
		HideSolutionNode = FALSE
	EndGlobalSection
	GlobalSection(ExtensibilityGlobals) = postSolution
		SolutionGuid = {9F2E47DB-A069-4586-B548-19C6EAFD72E4}
	EndGlobalSection
EndGlobal
